
Microsoft Visual Studio Solution File, Format Version 12.00
# Visual Studio Version 16
VisualStudioVersion = 16.0.29613.14
MinimumVisualStudioVersion = 10.0.40219.1
Project("{9A19103F-16F7-4668-BE54-9A1E7A4F7556}") = "ActuarialMaths.NonLife", "ActuarialMaths.NonLife\ActuarialMaths.NonLife.csproj", "{830CE6B1-4434-42A1-9672-484101B11EC6}"
EndProject
Project("{FAE04EC0-301F-11D3-BF4B-00C04F79EFBC}") = "Test", "Test\Test.csproj", "{82FEBEA7-96F2-4129-ADC1-4B38212847F6}"
EndProject
Global
	GlobalSection(SolutionConfigurationPlatforms) = preSolution
		Debug|Any CPU = Debug|Any CPU
		Release|Any CPU = Release|Any CPU
	EndGlobalSection
	GlobalSection(ProjectConfigurationPlatforms) = postSolution
		{830CE6B1-4434-42A1-9672-484101B11EC6}.Debug|Any CPU.ActiveCfg = Debug|Any CPU
		{830CE6B1-4434-42A1-9672-484101B11EC6}.Debug|Any CPU.Build.0 = Debug|Any CPU
		{830CE6B1-4434-42A1-9672-484101B11EC6}.Release|Any CPU.ActiveCfg = Release|Any CPU
		{830CE6B1-4434-42A1-9672-484101B11EC6}.Release|Any CPU.Build.0 = Release|Any CPU
		{82FEBEA7-96F2-4129-ADC1-4B38212847F6}.Debug|Any CPU.ActiveCfg = Debug|Any CPU
		{82FEBEA7-96F2-4129-ADC1-4B38212847F6}.Debug|Any CPU.Build.0 = Debug|Any CPU
		{82FEBEA7-96F2-4129-ADC1-4B38212847F6}.Release|Any CPU.ActiveCfg = Release|Any CPU
		{82FEBEA7-96F2-4129-ADC1-4B38212847F6}.Release|Any CPU.Build.0 = Release|Any CPU
	EndGlobalSection
	GlobalSection(SolutionProperties) = preSolution
		HideSolutionNode = FALSE
	EndGlobalSection
	GlobalSection(ExtensibilityGlobals) = postSolution
		SolutionGuid = {350BE60E-A3B3-4D2B-883F-ADCDDB45E126}
	EndGlobalSection
EndGlobal
